
Microsoft Visual Studio Solution File, Format Version 11.00
# Visual Studio 2010
# SharpDevelop 5.1
Project("{FAE04EC0-301F-11D3-BF4B-00C04F79EFBC}") = "TermoWifi", "TermoWifi\TermoWifi.csproj", "{194A8730-F1E1-423B-91BE-D039A346869E}"
EndProject
Global
	GlobalSection(SolutionConfigurationPlatforms) = preSolution
		Debug|Any CPU = Debug|Any CPU
		Release|Any CPU = Release|Any CPU
	EndGlobalSection
	GlobalSection(ProjectConfigurationPlatforms) = postSolution
		{194A8730-F1E1-423B-91BE-D039A346869E}.Debug|Any CPU.ActiveCfg = Debug|Any CPU
		{194A8730-F1E1-423B-91BE-D039A346869E}.Debug|Any CPU.Build.0 = Debug|Any CPU
		{194A8730-F1E1-423B-91BE-D039A346869E}.Release|Any CPU.ActiveCfg = Release|Any CPU
		{194A8730-F1E1-423B-91BE-D039A346869E}.Release|Any CPU.Build.0 = Release|Any CPU
	EndGlobalSection
EndGlobal
